
Microsoft Visual Studio Solution File, Format Version 12.00
Project("{FAE04EC0-301F-11D3-BF4B-00C04F79EFBC}") = "DirectoryService.Domain", "src\DirectoryService.Domain\DirectoryService.Domain.csproj", "{9A8E9068-A6DD-44BD-8A01-3C62906384F3}"
EndProject
Project("{2150E333-8FDC-42A3-9474-1A3956D46DE8}") = "src", "src", "{968BCACA-8FDA-44FD-A159-F96E9CFCC845}"
EndProject
Project("{FAE04EC0-301F-11D3-BF4B-00C04F79EFBC}") = "DirectoryService.Application", "src\DirectoryService.Application\DirectoryService.Application.csproj", "{583F50A4-2A35-4296-A7EE-6B24904836A1}"
EndProject
Project("{FAE04EC0-301F-11D3-BF4B-00C04F79EFBC}") = "DirectoryService.Infrastructure", "src\DirectoryService.Infrastructure\DirectoryService.Infrastructure.csproj", "{667EF1B5-8480-4E22-AE40-8AD5A3FAE89E}"
EndProject
Project("{FAE04EC0-301F-11D3-BF4B-00C04F79EFBC}") = "DirectoryService.Contracts", "src\DirectoryService.Contracts\DirectoryService.Contracts.csproj", "{AB5113C8-0B2C-40D2-95B7-71A9ACFF8BF7}"
EndProject
Project("{FAE04EC0-301F-11D3-BF4B-00C04F79EFBC}") = "DirectoryService.Presentation", "src\DirectoryService.Presentation\DirectoryService.Presentation.csproj", "{0D82EBD4-8D02-4E77-BA2A-C28A25F51CD1}"
EndProject
Project("{2150E333-8FDC-42A3-9474-1A3956D46DE8}") = "Solution Items", "Solution Items", "{0A00C5FC-9777-47AB-9534-ACF8DC201EB1}"
	ProjectSection(SolutionItems) = preProject
		Directory.Build.props = Directory.Build.props
		.editorconfig = .editorconfig
		..\docker-compose.yml = ..\docker-compose.yml
	EndProjectSection
EndProject
Global
	GlobalSection(SolutionConfigurationPlatforms) = preSolution
		Debug|Any CPU = Debug|Any CPU
		Release|Any CPU = Release|Any CPU
	EndGlobalSection
	GlobalSection(ProjectConfigurationPlatforms) = postSolution
		{9A8E9068-A6DD-44BD-8A01-3C62906384F3}.Debug|Any CPU.ActiveCfg = Debug|Any CPU
		{9A8E9068-A6DD-44BD-8A01-3C62906384F3}.Debug|Any CPU.Build.0 = Debug|Any CPU
		{9A8E9068-A6DD-44BD-8A01-3C62906384F3}.Release|Any CPU.ActiveCfg = Release|Any CPU
		{9A8E9068-A6DD-44BD-8A01-3C62906384F3}.Release|Any CPU.Build.0 = Release|Any CPU
		{583F50A4-2A35-4296-A7EE-6B24904836A1}.Debug|Any CPU.ActiveCfg = Debug|Any CPU
		{583F50A4-2A35-4296-A7EE-6B24904836A1}.Debug|Any CPU.Build.0 = Debug|Any CPU
		{583F50A4-2A35-4296-A7EE-6B24904836A1}.Release|Any CPU.ActiveCfg = Release|Any CPU
		{583F50A4-2A35-4296-A7EE-6B24904836A1}.Release|Any CPU.Build.0 = Release|Any CPU
		{667EF1B5-8480-4E22-AE40-8AD5A3FAE89E}.Debug|Any CPU.ActiveCfg = Debug|Any CPU
		{667EF1B5-8480-4E22-AE40-8AD5A3FAE89E}.Debug|Any CPU.Build.0 = Debug|Any CPU
		{667EF1B5-8480-4E22-AE40-8AD5A3FAE89E}.Release|Any CPU.ActiveCfg = Release|Any CPU
		{667EF1B5-8480-4E22-AE40-8AD5A3FAE89E}.Release|Any CPU.Build.0 = Release|Any CPU
		{AB5113C8-0B2C-40D2-95B7-71A9ACFF8BF7}.Debug|Any CPU.ActiveCfg = Debug|Any CPU
		{AB5113C8-0B2C-40D2-95B7-71A9ACFF8BF7}.Debug|Any CPU.Build.0 = Debug|Any CPU
		{AB5113C8-0B2C-40D2-95B7-71A9ACFF8BF7}.Release|Any CPU.ActiveCfg = Release|Any CPU
		{AB5113C8-0B2C-40D2-95B7-71A9ACFF8BF7}.Release|Any CPU.Build.0 = Release|Any CPU
		{0D82EBD4-8D02-4E77-BA2A-C28A25F51CD1}.Debug|Any CPU.ActiveCfg = Debug|Any CPU
		{0D82EBD4-8D02-4E77-BA2A-C28A25F51CD1}.Debug|Any CPU.Build.0 = Debug|Any CPU
		{0D82EBD4-8D02-4E77-BA2A-C28A25F51CD1}.Release|Any CPU.ActiveCfg = Release|Any CPU
		{0D82EBD4-8D02-4E77-BA2A-C28A25F51CD1}.Release|Any CPU.Build.0 = Release|Any CPU
	EndGlobalSection
	GlobalSection(NestedProjects) = preSolution
		{9A8E9068-A6DD-44BD-8A01-3C62906384F3} = {968BCACA-8FDA-44FD-A159-F96E9CFCC845}
		{583F50A4-2A35-4296-A7EE-6B24904836A1} = {968BCACA-8FDA-44FD-A159-F96E9CFCC845}
		{667EF1B5-8480-4E22-AE40-8AD5A3FAE89E} = {968BCACA-8FDA-44FD-A159-F96E9CFCC845}
		{AB5113C8-0B2C-40D2-95B7-71A9ACFF8BF7} = {968BCACA-8FDA-44FD-A159-F96E9CFCC845}
		{0D82EBD4-8D02-4E77-BA2A-C28A25F51CD1} = {968BCACA-8FDA-44FD-A159-F96E9CFCC845}
	EndGlobalSection
EndGlobal
